
Microsoft Visual Studio Solution File, Format Version 12.00
# Visual Studio Version 17
VisualStudioVersion = 17.4.33403.182
MinimumVisualStudioVersion = 10.0.40219.1
Project("{2150E333-8FDC-42A3-9474-1A3956D46DE8}") = "MasterContas.Domain", "MasterContas.Domain", "{80E3B7F2-A499-435E-BC42-83FE3B54B432}"
EndProject
Project("{2150E333-8FDC-42A3-9474-1A3956D46DE8}") = "MasterContas.Infrastruture", "MasterContas.Infrastruture", "{92D85B1D-332C-4123-8AB4-8C2C27167CAD}"
EndProject
Project("{2150E333-8FDC-42A3-9474-1A3956D46DE8}") = "MasterContas.Presentation", "MasterContas.Presentation", "{3AF852E9-7778-49A3-AA60-72F2AB9B0654}"
EndProject
Project("{9A19103F-16F7-4668-BE54-9A1E7A4F7556}") = "Domain.Test", "Domain.Test\Domain.Test.csproj", "{384178FC-EBD5-4607-B3A1-E07CE9DEF612}"
EndProject
Project("{2150E333-8FDC-42A3-9474-1A3956D46DE8}") = "Data", "Data", "{D72E9421-45F0-4DC7-9CEE-155E1B40E8AA}"
EndProject
Project("{2150E333-8FDC-42A3-9474-1A3956D46DE8}") = "CrossCutting", "CrossCutting", "{3507960B-BB82-4D51-A37A-0C42C9557341}"
EndProject
Project("{2150E333-8FDC-42A3-9474-1A3956D46DE8}") = "IOC", "IOC", "{2A6E79CD-71AE-4A99-91D5-D5FBC80E693D}"
EndProject
Project("{9A19103F-16F7-4668-BE54-9A1E7A4F7556}") = "MasterContas.IOC", "MasterContas.IOC\MasterContas.IOC.csproj", "{7F238EEA-457E-4703-AB6F-34DCA8552C9D}"
EndProject
Project("{9A19103F-16F7-4668-BE54-9A1E7A4F7556}") = "Domain", "Domain\Domain.csproj", "{8D53F97F-E792-4858-A9BD-E0A47ADD47EC}"
EndProject
Project("{9A19103F-16F7-4668-BE54-9A1E7A4F7556}") = "MasterContas.Data", "MasterContas.Data\MasterContas.Data.csproj", "{FCBCF594-0B1C-4D1F-957C-8FF7BE649094}"
EndProject
Project("{9A19103F-16F7-4668-BE54-9A1E7A4F7556}") = "MasterContas.Presentation", "MasterContas.Forms\MasterContas.Presentation.csproj", "{63D9A6CC-42C3-4167-8634-764A12FD0541}"
EndProject
Project("{2150E333-8FDC-42A3-9474-1A3956D46DE8}") = "Solution Items", "Solution Items", "{C7C16640-ADAD-4364-B385-A7BA7F4DD867}"
	ProjectSection(SolutionItems) = preProject
		.editorconfig = .editorconfig
	EndProjectSection
EndProject
Global
	GlobalSection(SolutionConfigurationPlatforms) = preSolution
		Debug|Any CPU = Debug|Any CPU
		Release|Any CPU = Release|Any CPU
	EndGlobalSection
	GlobalSection(ProjectConfigurationPlatforms) = postSolution
		{384178FC-EBD5-4607-B3A1-E07CE9DEF612}.Debug|Any CPU.ActiveCfg = Debug|Any CPU
		{384178FC-EBD5-4607-B3A1-E07CE9DEF612}.Debug|Any CPU.Build.0 = Debug|Any CPU
		{384178FC-EBD5-4607-B3A1-E07CE9DEF612}.Release|Any CPU.ActiveCfg = Release|Any CPU
		{384178FC-EBD5-4607-B3A1-E07CE9DEF612}.Release|Any CPU.Build.0 = Release|Any CPU
		{7F238EEA-457E-4703-AB6F-34DCA8552C9D}.Debug|Any CPU.ActiveCfg = Debug|Any CPU
		{7F238EEA-457E-4703-AB6F-34DCA8552C9D}.Debug|Any CPU.Build.0 = Debug|Any CPU
		{7F238EEA-457E-4703-AB6F-34DCA8552C9D}.Release|Any CPU.ActiveCfg = Release|Any CPU
		{7F238EEA-457E-4703-AB6F-34DCA8552C9D}.Release|Any CPU.Build.0 = Release|Any CPU
		{8D53F97F-E792-4858-A9BD-E0A47ADD47EC}.Debug|Any CPU.ActiveCfg = Debug|Any CPU
		{8D53F97F-E792-4858-A9BD-E0A47ADD47EC}.Debug|Any CPU.Build.0 = Debug|Any CPU
		{8D53F97F-E792-4858-A9BD-E0A47ADD47EC}.Release|Any CPU.ActiveCfg = Release|Any CPU
		{8D53F97F-E792-4858-A9BD-E0A47ADD47EC}.Release|Any CPU.Build.0 = Release|Any CPU
		{FCBCF594-0B1C-4D1F-957C-8FF7BE649094}.Debug|Any CPU.ActiveCfg = Debug|Any CPU
		{FCBCF594-0B1C-4D1F-957C-8FF7BE649094}.Debug|Any CPU.Build.0 = Debug|Any CPU
		{FCBCF594-0B1C-4D1F-957C-8FF7BE649094}.Release|Any CPU.ActiveCfg = Release|Any CPU
		{FCBCF594-0B1C-4D1F-957C-8FF7BE649094}.Release|Any CPU.Build.0 = Release|Any CPU
		{63D9A6CC-42C3-4167-8634-764A12FD0541}.Debug|Any CPU.ActiveCfg = Debug|Any CPU
		{63D9A6CC-42C3-4167-8634-764A12FD0541}.Debug|Any CPU.Build.0 = Debug|Any CPU
		{63D9A6CC-42C3-4167-8634-764A12FD0541}.Release|Any CPU.ActiveCfg = Release|Any CPU
		{63D9A6CC-42C3-4167-8634-764A12FD0541}.Release|Any CPU.Build.0 = Release|Any CPU
	EndGlobalSection
	GlobalSection(SolutionProperties) = preSolution
		HideSolutionNode = FALSE
	EndGlobalSection
	GlobalSection(NestedProjects) = preSolution
		{384178FC-EBD5-4607-B3A1-E07CE9DEF612} = {80E3B7F2-A499-435E-BC42-83FE3B54B432}
		{D72E9421-45F0-4DC7-9CEE-155E1B40E8AA} = {92D85B1D-332C-4123-8AB4-8C2C27167CAD}
		{3507960B-BB82-4D51-A37A-0C42C9557341} = {92D85B1D-332C-4123-8AB4-8C2C27167CAD}
		{2A6E79CD-71AE-4A99-91D5-D5FBC80E693D} = {3507960B-BB82-4D51-A37A-0C42C9557341}
		{7F238EEA-457E-4703-AB6F-34DCA8552C9D} = {2A6E79CD-71AE-4A99-91D5-D5FBC80E693D}
		{8D53F97F-E792-4858-A9BD-E0A47ADD47EC} = {80E3B7F2-A499-435E-BC42-83FE3B54B432}
		{FCBCF594-0B1C-4D1F-957C-8FF7BE649094} = {D72E9421-45F0-4DC7-9CEE-155E1B40E8AA}
		{63D9A6CC-42C3-4167-8634-764A12FD0541} = {3AF852E9-7778-49A3-AA60-72F2AB9B0654}
	EndGlobalSection
	GlobalSection(ExtensibilityGlobals) = postSolution
		SolutionGuid = {24DF10CA-3803-49FB-9CED-86DE09ACA648}
	EndGlobalSection
EndGlobal
