
Microsoft Visual Studio Solution File, Format Version 12.00
# Visual Studio 15
VisualStudioVersion = 15.0.33529.398
MinimumVisualStudioVersion = 10.0.40219.1
Project("{FAE04EC0-301F-11D3-BF4B-00C04F79EFBC}") = "Domain", "Domain\Domain.csproj", "{32F1220A-AB50-4ADF-B441-79DC8245DFE0}"
EndProject
Project("{FAE04EC0-301F-11D3-BF4B-00C04F79EFBC}") = "Infrastruture", "Infrastruture\Infrastruture.csproj", "{68B502F4-B127-4DA7-98FD-4A7181DD09EF}"
EndProject
Global
	GlobalSection(SolutionConfigurationPlatforms) = preSolution
		Debug|Any CPU = Debug|Any CPU
		Release|Any CPU = Release|Any CPU
	EndGlobalSection
	GlobalSection(ProjectConfigurationPlatforms) = postSolution
		{32F1220A-AB50-4ADF-B441-79DC8245DFE0}.Debug|Any CPU.ActiveCfg = Debug|Any CPU
		{32F1220A-AB50-4ADF-B441-79DC8245DFE0}.Debug|Any CPU.Build.0 = Debug|Any CPU
		{32F1220A-AB50-4ADF-B441-79DC8245DFE0}.Release|Any CPU.ActiveCfg = Release|Any CPU
		{32F1220A-AB50-4ADF-B441-79DC8245DFE0}.Release|Any CPU.Build.0 = Release|Any CPU
		{68B502F4-B127-4DA7-98FD-4A7181DD09EF}.Debug|Any CPU.ActiveCfg = Debug|Any CPU
		{68B502F4-B127-4DA7-98FD-4A7181DD09EF}.Debug|Any CPU.Build.0 = Debug|Any CPU
		{68B502F4-B127-4DA7-98FD-4A7181DD09EF}.Release|Any CPU.ActiveCfg = Release|Any CPU
		{68B502F4-B127-4DA7-98FD-4A7181DD09EF}.Release|Any CPU.Build.0 = Release|Any CPU
	EndGlobalSection
	GlobalSection(SolutionProperties) = preSolution
		HideSolutionNode = FALSE
	EndGlobalSection
	GlobalSection(ExtensibilityGlobals) = postSolution
		SolutionGuid = {24DF10CA-3803-49FB-9CED-86DE09ACA648}
	EndGlobalSection
EndGlobal
